
Microsoft Visual Studio Solution File, Format Version 12.00
# Visual Studio 15
VisualStudioVersion = 15.0.27428.2037
MinimumVisualStudioVersion = 10.0.40219.1
Project("{FAE04EC0-301F-11D3-BF4B-00C04F79EFBC}") = "ResourceDir.Android", "ResourceDir\ResourceDir.Android\ResourceDir.Android.csproj", "{B8330DAC-167C-486B-B46A-D1552F68F10E}"
EndProject
Project("{FAE04EC0-301F-11D3-BF4B-00C04F79EFBC}") = "ResourceDir", "ResourceDir\ResourceDir\ResourceDir.csproj", "{72FB8CB5-C117-4049-80D6-E6D7614CE205}"
EndProject
Global
	GlobalSection(SolutionConfigurationPlatforms) = preSolution
		Debug|Any CPU = Debug|Any CPU
		Release|Any CPU = Release|Any CPU
	EndGlobalSection
	GlobalSection(ProjectConfigurationPlatforms) = postSolution
		{B8330DAC-167C-486B-B46A-D1552F68F10E}.Debug|Any CPU.ActiveCfg = Debug|Any CPU
		{B8330DAC-167C-486B-B46A-D1552F68F10E}.Debug|Any CPU.Build.0 = Debug|Any CPU
		{B8330DAC-167C-486B-B46A-D1552F68F10E}.Debug|Any CPU.Deploy.0 = Debug|Any CPU
		{B8330DAC-167C-486B-B46A-D1552F68F10E}.Release|Any CPU.ActiveCfg = Release|Any CPU
		{B8330DAC-167C-486B-B46A-D1552F68F10E}.Release|Any CPU.Build.0 = Release|Any CPU
		{B8330DAC-167C-486B-B46A-D1552F68F10E}.Release|Any CPU.Deploy.0 = Release|Any CPU
		{72FB8CB5-C117-4049-80D6-E6D7614CE205}.Debug|Any CPU.ActiveCfg = Debug|Any CPU
		{72FB8CB5-C117-4049-80D6-E6D7614CE205}.Debug|Any CPU.Build.0 = Debug|Any CPU
		{72FB8CB5-C117-4049-80D6-E6D7614CE205}.Release|Any CPU.ActiveCfg = Release|Any CPU
		{72FB8CB5-C117-4049-80D6-E6D7614CE205}.Release|Any CPU.Build.0 = Release|Any CPU
	EndGlobalSection
	GlobalSection(SolutionProperties) = preSolution
		HideSolutionNode = FALSE
	EndGlobalSection
	GlobalSection(ExtensibilityGlobals) = postSolution
		SolutionGuid = {33EFDFDA-97A2-4574-BD49-D0D29F11DAA7}
	EndGlobalSection
EndGlobal
